version = 1
revision = 3
requires-python = ">=3.12"

[[package]]
name = "llvm-nanobind"
version = "21.1.6.3"
source = { registry = "https://pypi.org/simple" }
sdist = { url = "https://files.pythonhosted.org/packages/78/6e/8501bb26482f231bc22815f4dde05fb05e0c52474cf5c455a211ed847474/llvm_nanobind-21.1.6.3.tar.gz", hash = "sha256:0629ce80418a94b2e1a0019d66372cba86e1327b6c9fd16d63a10aa3c09204e2", size = 645135, upload-time = "2026-05-14T01:06:01.871Z" }
wheels = [
    { url = "https://files.pythonhosted.org/packages/b7/03/3ffd26b70fe0db6f6be411b57f396c81a1ee01fcefea6392707192bcdba4/llvm_nanobind-21.1.6.3-cp312-abi3-macosx_13_0_arm64.whl", hash = "sha256:b153bfe4f2008f96dd0395f72e1e4413f8e5d2d9dc254cd51ae49cc48e7f84e9", size = 43962841, upload-time = "2026-05-14T01:05:32.964Z" },
    { url = "https://files.pythonhosted.org/packages/9e/af/77b62c2dbe20ba8425e1d358da40436599b5540357145a76349098bdb33a/llvm_nanobind-21.1.6.3-cp312-abi3-macosx_13_0_x86_64.whl", hash = "sha256:fa46ac4e99698190eda9b4e6760d21618bac7c814997da63039e959ca7f9e8fa", size = 47013114, upload-time = "2026-05-14T01:05:38.565Z" },
    { url = "https://files.pythonhosted.org/packages/4d/81/ca1b5ac53c272dcf1f4db98c0b2246c0a532f4eea42193a05e3ded90099b/llvm_nanobind-21.1.6.3-cp312-abi3-manylinux_2_28_aarch64.whl", hash = "sha256:4e4e814a68c7a63c62badc845d0d1941b04a4cdcf11eafc9398e08c3e3a1bc40", size = 58501459, upload-time = "2026-05-14T01:05:44.558Z" },
    { url = "https://files.pythonhosted.org/packages/1a/85/7830240b5d1bac8bc69c0b039478d2342f2809c0809825f0e3f157571f1d/llvm_nanobind-21.1.6.3-cp312-abi3-manylinux_2_28_x86_64.whl", hash = "sha256:8be86943cd9c7a7e69ac07ee1f948d7971089377831b0c180de9c5ba714f97d7", size = 61796024, upload-time = "2026-05-14T01:05:52.125Z" },
    { url = "https://files.pythonhosted.org/packages/e9/94/6bce36ab093677ba6643c6a8b9d51bb9893be3c4d9e4604bf797e93077a2/llvm_nanobind-21.1.6.3-cp312-abi3-win_amd64.whl", hash = "sha256:113a38f38201f7af137b3d7e19e1de9571ed7c7e648cb9f184e26471a1457193", size = 44061105, upload-time = "2026-05-14T01:05:58.011Z" },
]

[[package]]
name = "llvm-nanobind-example"
version = "0.1.0"
source = { virtual = "." }
dependencies = [
    { name = "llvm-nanobind" },
]

[package.metadata]
requires-dist = [{ name = "llvm-nanobind", specifier = "==21.1.6.3" }]
